
Microsoft Visual Studio Solution File, Format Version 12.00
# Visual Studio Version 17
VisualStudioVersion = 17.4.33110.190
MinimumVisualStudioVersion = 10.0.40219.1
Project("{FAE04EC0-301F-11D3-BF4B-00C04F79EFBC}") = "FinalProject - LeeShapira", "FinalProject - LeeShapira\FinalProject - LeeShapira.csproj", "{0A9D2639-8272-497C-A69C-CA347F469790}"
EndProject
Global
	GlobalSection(SolutionConfigurationPlatforms) = preSolution
		Debug|Any CPU = Debug|Any CPU
		Release|Any CPU = Release|Any CPU
	EndGlobalSection
	GlobalSection(ProjectConfigurationPlatforms) = postSolution
		{0A9D2639-8272-497C-A69C-CA347F469790}.Debug|Any CPU.ActiveCfg = Debug|Any CPU
		{0A9D2639-8272-497C-A69C-CA347F469790}.Debug|Any CPU.Build.0 = Debug|Any CPU
		{0A9D2639-8272-497C-A69C-CA347F469790}.Release|Any CPU.ActiveCfg = Release|Any CPU
		{0A9D2639-8272-497C-A69C-CA347F469790}.Release|Any CPU.Build.0 = Release|Any CPU
	EndGlobalSection
	GlobalSection(SolutionProperties) = preSolution
		HideSolutionNode = FALSE
	EndGlobalSection
	GlobalSection(ExtensibilityGlobals) = postSolution
		SolutionGuid = {FDAFC7AE-7ED8-47E8-9B59-83D048ABB3B3}
	EndGlobalSection
EndGlobal
